
Microsoft Visual Studio Solution File, Format Version 12.00
# Visual Studio 15
VisualStudioVersion = 15.0.28307.421
MinimumVisualStudioVersion = 10.0.40219.1
Project("{FAE04EC0-301F-11D3-BF4B-00C04F79EFBC}") = "projectpdf1", "projectpdf1\projectpdf1.csproj", "{3045EAAB-49C1-4796-8F1B-E4532B2926DE}"
EndProject
Global
	GlobalSection(SolutionConfigurationPlatforms) = preSolution
		Debug|Any CPU = Debug|Any CPU
		Release|Any CPU = Release|Any CPU
	EndGlobalSection
	GlobalSection(ProjectConfigurationPlatforms) = postSolution
		{3045EAAB-49C1-4796-8F1B-E4532B2926DE}.Debug|Any CPU.ActiveCfg = Debug|Any CPU
		{3045EAAB-49C1-4796-8F1B-E4532B2926DE}.Debug|Any CPU.Build.0 = Debug|Any CPU
		{3045EAAB-49C1-4796-8F1B-E4532B2926DE}.Release|Any CPU.ActiveCfg = Release|Any CPU
		{3045EAAB-49C1-4796-8F1B-E4532B2926DE}.Release|Any CPU.Build.0 = Release|Any CPU
	EndGlobalSection
	GlobalSection(SolutionProperties) = preSolution
		HideSolutionNode = FALSE
	EndGlobalSection
	GlobalSection(ExtensibilityGlobals) = postSolution
		SolutionGuid = {6495564C-75F0-47A9-91C8-6593DB8D488A}
	EndGlobalSection
EndGlobal
